
Microsoft Visual Studio Solution File, Format Version 12.00
# Visual Studio Version 16
VisualStudioVersion = 16.0.31515.178
MinimumVisualStudioVersion = 10.0.40219.1
Project("{8BC9CEB8-8B4A-11D0-8D11-00A0C91BC942}") = "pizano_period", "pizano_period\pizano_period.vcxproj", "{031CC970-F3E9-42C3-A07D-7DC7AC06CA97}"
EndProject
Project("{8BC9CEB8-8B4A-11D0-8D11-00A0C91BC942}") = "euclidean_algorithm", "euclidean_algorithm\euclidean_algorithm.vcxproj", "{FC4A29E7-B0D1-4510-8E97-8D07FA2C15FA}"
EndProject
Project("{8BC9CEB8-8B4A-11D0-8D11-00A0C91BC942}") = "haffman1", "haffman1\haffman1.vcxproj", "{6F502689-0F60-472F-9A9B-A0EAC131B49D}"
EndProject
Project("{8BC9CEB8-8B4A-11D0-8D11-00A0C91BC942}") = "haffman", "haffman\haffman.vcxproj", "{3BDC4E8D-43FB-4FB2-9EEB-E9EB701A3704}"
EndProject
Project("{8BC9CEB8-8B4A-11D0-8D11-00A0C91BC942}") = "binaryHeap", "binaryHeap\binaryHeap.vcxproj", "{43254403-9E12-4BDD-8696-80B00BFD5795}"
EndProject
Project("{8BC9CEB8-8B4A-11D0-8D11-00A0C91BC942}") = "binarySearch", "binarySearch\binarySearch.vcxproj", "{56CCDD31-B802-484B-99E2-3C5D428E5A1D}"
EndProject
Project("{8BC9CEB8-8B4A-11D0-8D11-00A0C91BC942}") = "mergeSort", "mergeSort\mergeSort.vcxproj", "{6B1D5B62-F583-41D5-B1EE-BB9022DC12B6}"
EndProject
Project("{8BC9CEB8-8B4A-11D0-8D11-00A0C91BC942}") = "arrayInversionCount", "arrayInversionCount\arrayInversionCount.vcxproj", "{E487A30B-2A57-4647-8315-B929664123B4}"
EndProject
Project("{8BC9CEB8-8B4A-11D0-8D11-00A0C91BC942}") = "qsort", "points\points.vcxproj", "{286DE806-AA1B-4EC3-8243-C5E23EFA2DC5}"
EndProject
Project("{8BC9CEB8-8B4A-11D0-8D11-00A0C91BC942}") = "countingSort", "countingSort\countingSort.vcxproj", "{0953EEF8-4471-4260-99E8-FFE62A68B43F}"
EndProject
Project("{8BC9CEB8-8B4A-11D0-8D11-00A0C91BC942}") = "3wayQsort", "3wayQsort\3wayQsort.vcxproj", "{E8B2083B-7C2B-47F8-A535-0887B3C3E6A0}"
EndProject
Global
	GlobalSection(SolutionConfigurationPlatforms) = preSolution
		Debug|x64 = Debug|x64
		Debug|x86 = Debug|x86
		Release|x64 = Release|x64
		Release|x86 = Release|x86
	EndGlobalSection
	GlobalSection(ProjectConfigurationPlatforms) = postSolution
		{031CC970-F3E9-42C3-A07D-7DC7AC06CA97}.Debug|x64.ActiveCfg = Debug|x64
		{031CC970-F3E9-42C3-A07D-7DC7AC06CA97}.Debug|x64.Build.0 = Debug|x64
		{031CC970-F3E9-42C3-A07D-7DC7AC06CA97}.Debug|x86.ActiveCfg = Debug|Win32
		{031CC970-F3E9-42C3-A07D-7DC7AC06CA97}.Debug|x86.Build.0 = Debug|Win32
		{031CC970-F3E9-42C3-A07D-7DC7AC06CA97}.Release|x64.ActiveCfg = Release|x64
		{031CC970-F3E9-42C3-A07D-7DC7AC06CA97}.Release|x64.Build.0 = Release|x64
		{031CC970-F3E9-42C3-A07D-7DC7AC06CA97}.Release|x86.ActiveCfg = Release|Win32
		{031CC970-F3E9-42C3-A07D-7DC7AC06CA97}.Release|x86.Build.0 = Release|Win32
		{FC4A29E7-B0D1-4510-8E97-8D07FA2C15FA}.Debug|x64.ActiveCfg = Debug|x64
		{FC4A29E7-B0D1-4510-8E97-8D07FA2C15FA}.Debug|x64.Build.0 = Debug|x64
		{FC4A29E7-B0D1-4510-8E97-8D07FA2C15FA}.Debug|x86.ActiveCfg = Debug|Win32
		{FC4A29E7-B0D1-4510-8E97-8D07FA2C15FA}.Debug|x86.Build.0 = Debug|Win32
		{FC4A29E7-B0D1-4510-8E97-8D07FA2C15FA}.Release|x64.ActiveCfg = Release|x64
		{FC4A29E7-B0D1-4510-8E97-8D07FA2C15FA}.Release|x64.Build.0 = Release|x64
		{FC4A29E7-B0D1-4510-8E97-8D07FA2C15FA}.Release|x86.ActiveCfg = Release|Win32
		{FC4A29E7-B0D1-4510-8E97-8D07FA2C15FA}.Release|x86.Build.0 = Release|Win32
		{6F502689-0F60-472F-9A9B-A0EAC131B49D}.Debug|x64.ActiveCfg = Debug|x64
		{6F502689-0F60-472F-9A9B-A0EAC131B49D}.Debug|x64.Build.0 = Debug|x64
		{6F502689-0F60-472F-9A9B-A0EAC131B49D}.Debug|x86.ActiveCfg = Debug|Win32
		{6F502689-0F60-472F-9A9B-A0EAC131B49D}.Debug|x86.Build.0 = Debug|Win32
		{6F502689-0F60-472F-9A9B-A0EAC131B49D}.Release|x64.ActiveCfg = Release|x64
		{6F502689-0F60-472F-9A9B-A0EAC131B49D}.Release|x64.Build.0 = Release|x64
		{6F502689-0F60-472F-9A9B-A0EAC131B49D}.Release|x86.ActiveCfg = Release|Win32
		{6F502689-0F60-472F-9A9B-A0EAC131B49D}.Release|x86.Build.0 = Release|Win32
		{3BDC4E8D-43FB-4FB2-9EEB-E9EB701A3704}.Debug|x64.ActiveCfg = Debug|x64
		{3BDC4E8D-43FB-4FB2-9EEB-E9EB701A3704}.Debug|x64.Build.0 = Debug|x64
		{3BDC4E8D-43FB-4FB2-9EEB-E9EB701A3704}.Debug|x86.ActiveCfg = Debug|Win32
		{3BDC4E8D-43FB-4FB2-9EEB-E9EB701A3704}.Debug|x86.Build.0 = Debug|Win32
		{3BDC4E8D-43FB-4FB2-9EEB-E9EB701A3704}.Release|x64.ActiveCfg = Release|x64
		{3BDC4E8D-43FB-4FB2-9EEB-E9EB701A3704}.Release|x64.Build.0 = Release|x64
		{3BDC4E8D-43FB-4FB2-9EEB-E9EB701A3704}.Release|x86.ActiveCfg = Release|Win32
		{3BDC4E8D-43FB-4FB2-9EEB-E9EB701A3704}.Release|x86.Build.0 = Release|Win32
		{43254403-9E12-4BDD-8696-80B00BFD5795}.Debug|x64.ActiveCfg = Debug|x64
		{43254403-9E12-4BDD-8696-80B00BFD5795}.Debug|x64.Build.0 = Debug|x64
		{43254403-9E12-4BDD-8696-80B00BFD5795}.Debug|x86.ActiveCfg = Debug|Win32
		{43254403-9E12-4BDD-8696-80B00BFD5795}.Debug|x86.Build.0 = Debug|Win32
		{43254403-9E12-4BDD-8696-80B00BFD5795}.Release|x64.ActiveCfg = Release|x64
		{43254403-9E12-4BDD-8696-80B00BFD5795}.Release|x64.Build.0 = Release|x64
		{43254403-9E12-4BDD-8696-80B00BFD5795}.Release|x86.ActiveCfg = Release|Win32
		{43254403-9E12-4BDD-8696-80B00BFD5795}.Release|x86.Build.0 = Release|Win32
		{56CCDD31-B802-484B-99E2-3C5D428E5A1D}.Debug|x64.ActiveCfg = Debug|x64
		{56CCDD31-B802-484B-99E2-3C5D428E5A1D}.Debug|x64.Build.0 = Debug|x64
		{56CCDD31-B802-484B-99E2-3C5D428E5A1D}.Debug|x86.ActiveCfg = Debug|Win32
		{56CCDD31-B802-484B-99E2-3C5D428E5A1D}.Debug|x86.Build.0 = Debug|Win32
		{56CCDD31-B802-484B-99E2-3C5D428E5A1D}.Release|x64.ActiveCfg = Release|x64
		{56CCDD31-B802-484B-99E2-3C5D428E5A1D}.Release|x64.Build.0 = Release|x64
		{56CCDD31-B802-484B-99E2-3C5D428E5A1D}.Release|x86.ActiveCfg = Release|Win32
		{56CCDD31-B802-484B-99E2-3C5D428E5A1D}.Release|x86.Build.0 = Release|Win32
		{6B1D5B62-F583-41D5-B1EE-BB9022DC12B6}.Debug|x64.ActiveCfg = Debug|x64
		{6B1D5B62-F583-41D5-B1EE-BB9022DC12B6}.Debug|x64.Build.0 = Debug|x64
		{6B1D5B62-F583-41D5-B1EE-BB9022DC12B6}.Debug|x86.ActiveCfg = Debug|Win32
		{6B1D5B62-F583-41D5-B1EE-BB9022DC12B6}.Debug|x86.Build.0 = Debug|Win32
		{6B1D5B62-F583-41D5-B1EE-BB9022DC12B6}.Release|x64.ActiveCfg = Release|x64
		{6B1D5B62-F583-41D5-B1EE-BB9022DC12B6}.Release|x64.Build.0 = Release|x64
		{6B1D5B62-F583-41D5-B1EE-BB9022DC12B6}.Release|x86.ActiveCfg = Release|Win32
		{6B1D5B62-F583-41D5-B1EE-BB9022DC12B6}.Release|x86.Build.0 = Release|Win32
		{E487A30B-2A57-4647-8315-B929664123B4}.Debug|x64.ActiveCfg = Debug|x64
		{E487A30B-2A57-4647-8315-B929664123B4}.Debug|x64.Build.0 = Debug|x64
		{E487A30B-2A57-4647-8315-B929664123B4}.Debug|x86.ActiveCfg = Debug|Win32
		{E487A30B-2A57-4647-8315-B929664123B4}.Debug|x86.Build.0 = Debug|Win32
		{E487A30B-2A57-4647-8315-B929664123B4}.Release|x64.ActiveCfg = Release|x64
		{E487A30B-2A57-4647-8315-B929664123B4}.Release|x64.Build.0 = Release|x64
		{E487A30B-2A57-4647-8315-B929664123B4}.Release|x86.ActiveCfg = Release|Win32
		{E487A30B-2A57-4647-8315-B929664123B4}.Release|x86.Build.0 = Release|Win32
		{286DE806-AA1B-4EC3-8243-C5E23EFA2DC5}.Debug|x64.ActiveCfg = Debug|x64
		{286DE806-AA1B-4EC3-8243-C5E23EFA2DC5}.Debug|x64.Build.0 = Debug|x64
		{286DE806-AA1B-4EC3-8243-C5E23EFA2DC5}.Debug|x86.ActiveCfg = Debug|Win32
		{286DE806-AA1B-4EC3-8243-C5E23EFA2DC5}.Debug|x86.Build.0 = Debug|Win32
		{286DE806-AA1B-4EC3-8243-C5E23EFA2DC5}.Release|x64.ActiveCfg = Release|x64
		{286DE806-AA1B-4EC3-8243-C5E23EFA2DC5}.Release|x64.Build.0 = Release|x64
		{286DE806-AA1B-4EC3-8243-C5E23EFA2DC5}.Release|x86.ActiveCfg = Release|Win32
		{286DE806-AA1B-4EC3-8243-C5E23EFA2DC5}.Release|x86.Build.0 = Release|Win32
		{0953EEF8-4471-4260-99E8-FFE62A68B43F}.Debug|x64.ActiveCfg = Debug|x64
		{0953EEF8-4471-4260-99E8-FFE62A68B43F}.Debug|x64.Build.0 = Debug|x64
		{0953EEF8-4471-4260-99E8-FFE62A68B43F}.Debug|x86.ActiveCfg = Debug|Win32
		{0953EEF8-4471-4260-99E8-FFE62A68B43F}.Debug|x86.Build.0 = Debug|Win32
		{0953EEF8-4471-4260-99E8-FFE62A68B43F}.Release|x64.ActiveCfg = Release|x64
		{0953EEF8-4471-4260-99E8-FFE62A68B43F}.Release|x64.Build.0 = Release|x64
		{0953EEF8-4471-4260-99E8-FFE62A68B43F}.Release|x86.ActiveCfg = Release|Win32
		{0953EEF8-4471-4260-99E8-FFE62A68B43F}.Release|x86.Build.0 = Release|Win32
		{E8B2083B-7C2B-47F8-A535-0887B3C3E6A0}.Debug|x64.ActiveCfg = Debug|x64
		{E8B2083B-7C2B-47F8-A535-0887B3C3E6A0}.Debug|x64.Build.0 = Debug|x64
		{E8B2083B-7C2B-47F8-A535-0887B3C3E6A0}.Debug|x86.ActiveCfg = Debug|Win32
		{E8B2083B-7C2B-47F8-A535-0887B3C3E6A0}.Debug|x86.Build.0 = Debug|Win32
		{E8B2083B-7C2B-47F8-A535-0887B3C3E6A0}.Release|x64.ActiveCfg = Release|x64
		{E8B2083B-7C2B-47F8-A535-0887B3C3E6A0}.Release|x64.Build.0 = Release|x64
		{E8B2083B-7C2B-47F8-A535-0887B3C3E6A0}.Release|x86.ActiveCfg = Release|Win32
		{E8B2083B-7C2B-47F8-A535-0887B3C3E6A0}.Release|x86.Build.0 = Release|Win32
	EndGlobalSection
	GlobalSection(SolutionProperties) = preSolution
		HideSolutionNode = FALSE
	EndGlobalSection
	GlobalSection(ExtensibilityGlobals) = postSolution
		SolutionGuid = {457D4900-FAA0-4E46-B7E1-A70A1E3743A8}
	EndGlobalSection
EndGlobal
